<?xml version="1.0" encoding="UTF-8"?>
<CONFIG>
  <ProjectOptions>
    <Version Value="11"/>
    <PathDelim Value="\"/>
    <General>
      <SessionStorage Value="InProjectDir"/>
      <MainUnit Value="0"/>
      <Title Value="Compras_ERP"/>
      <Scaled Value="True"/>
      <ResourceType Value="res"/>
      <UseXPManifest Value="True"/>
      <XPManifest>
        <DpiAware Value="True"/>
      </XPManifest>
      <Icon Value="0"/>
    </General>
    <BuildModes Count="1">
      <Item1 Name="Default" Default="True"/>
    </BuildModes>
    <PublishOptions>
      <Version Value="2"/>
      <UseFileFilters Value="True"/>
    </PublishOptions>
    <RunParams>
      <FormatVersion Value="2"/>
      <Modes Count="0"/>
    </RunParams>
    <RequiredPackages Count="8">
      <Item1>
        <PackageName Value="pckZeosConn"/>
      </Item1>
      <Item2>
        <PackageName Value="pckUserControlRuntime"/>
      </Item2>
      <Item3>
        <PackageName Value="frce"/>
      </Item3>
      <Item4>
        <PackageName Value="LazControls"/>
      </Item4>
      <Item5>
        <PackageName Value="FCL"/>
      </Item5>
      <Item6>
        <PackageName Value="zcomponent"/>
      </Item6>
      <Item7>
        <PackageName Value="TDI"/>
      </Item7>
      <Item8>
        <PackageName Value="LCL"/>
      </Item8>
    </RequiredPackages>
    <Units Count="26">
      <Unit0>
        <Filename Value="Compras_ERP.pas"/>
        <IsPartOfProject Value="True"/>
      </Unit0>
      <Unit1>
        <Filename Value="View\view.principal.pas"/>
        <IsPartOfProject Value="True"/>
        <ComponentName Value="FormPrincipal"/>
        <HasResources Value="True"/>
        <ResourceBaseClass Value="Form"/>
      </Unit1>
      <Unit2>
        <Filename Value="View\view.cad.laudos.pas"/>
        <IsPartOfProject Value="True"/>
        <ComponentName Value="FormCadLaudos"/>
        <HasResources Value="True"/>
        <ResourceBaseClass Value="Form"/>
      </Unit2>
      <Unit3>
        <Filename Value="View\view.entidade.analise.pas"/>
        <IsPartOfProject Value="True"/>
        <ComponentName Value="FormAnaliseCompras"/>
        <HasResources Value="True"/>
        <ResourceBaseClass Value="Form"/>
      </Unit3>
      <Unit4>
        <Filename Value="Data\model.conexao.pas"/>
        <IsPartOfProject Value="True"/>
      </Unit4>
      <Unit5>
        <Filename Value="Types\types.actions.pas"/>
        <IsPartOfProject Value="True"/>
      </Unit5>
      <Unit6>
        <Filename Value="View\view.entidade.cadcomprador.pas"/>
        <IsPartOfProject Value="True"/>
        <ComponentName Value="FormCadComprador"/>
        <HasResources Value="True"/>
        <ResourceBaseClass Value="Form"/>
        <UnitName Value="view.entidade.cadComprador"/>
      </Unit6>
      <Unit7>
        <Filename Value="Classes\classe.cad.compradores.pas"/>
        <IsPartOfProject Value="True"/>
      </Unit7>
      <Unit8>
        <Filename Value="View\Login\view.login.pas"/>
        <IsPartOfProject Value="True"/>
        <ComponentName Value="FormLogin"/>
        <HasResources Value="True"/>
        <ResourceBaseClass Value="Form"/>
      </Unit8>
      <Unit9>
        <Filename Value="Classes\classe.usuarios.login.pas"/>
        <IsPartOfProject Value="True"/>
      </Unit9>
      <Unit10>
        <Filename Value="View\view.cad.itens.pas"/>
        <IsPartOfProject Value="True"/>
        <ComponentName Value="FormCadProdutos"/>
        <HasResources Value="True"/>
        <ResourceBaseClass Value="Form"/>
      </Unit10>
      <Unit11>
        <Filename Value="Classes\classe.cad.produto.pas"/>
        <IsPartOfProject Value="True"/>
      </Unit11>
      <Unit12>
        <Filename Value="Classes\classe.funcoesauxiliares.pas"/>
        <IsPartOfProject Value="True"/>
        <UnitName Value="classe.funcoesAuxiliares"/>
      </Unit12>
      <Unit13>
        <Filename Value="View\view.cad.medias.produto.pas"/>
        <IsPartOfProject Value="True"/>
        <ComponentName Value="FormCadMedias"/>
        <HasResources Value="True"/>
        <ResourceBaseClass Value="Form"/>
      </Unit13>
      <Unit14>
        <Filename Value="Classes\classe.cad.medias.pas"/>
        <IsPartOfProject Value="True"/>
      </Unit14>
      <Unit15>
        <Filename Value="Relatorios\view.rel.produtosemcompra.pas"/>
        <IsPartOfProject Value="True"/>
        <ComponentName Value="FormRelProdSemCompra"/>
        <HasResources Value="True"/>
        <ResourceBaseClass Value="Form"/>
      </Unit15>
      <Unit16>
        <Filename Value="Relatorios\view.rel.produtosemsaida.pas"/>
        <IsPartOfProject Value="True"/>
        <ComponentName Value="FormRelProdSemSaidas"/>
        <HasResources Value="True"/>
        <ResourceBaseClass Value="Form"/>
      </Unit16>
      <Unit17>
        <Filename Value="View\view.resumo.produtos.pas"/>
        <IsPartOfProject Value="True"/>
        <ComponentName Value="FormResumoProdutos"/>
        <HasResources Value="True"/>
        <ResourceBaseClass Value="Form"/>
      </Unit17>
      <Unit18>
        <Filename Value="Classes\classe.resumo.produtos.pas"/>
        <IsPartOfProject Value="True"/>
      </Unit18>
      <Unit19>
        <Filename Value="View\Pesquisa\view.pesquisa.multiselecao.pas"/>
        <IsPartOfProject Value="True"/>
        <ComponentName Value="FormPesquisaMultiSelecao"/>
        <HasResources Value="True"/>
        <ResourceBaseClass Value="Form"/>
      </Unit19>
      <Unit20>
        <Filename Value="Classes\classe.analise.pas"/>
        <IsPartOfProject Value="True"/>
      </Unit20>
      <Unit21>
        <Filename Value="Classes\classe.pesquisa.pas"/>
        <IsPartOfProject Value="True"/>
      </Unit21>
      <Unit22>
        <Filename Value="View\view.pedido.entregar.pas"/>
        <IsPartOfProject Value="True"/>
        <ComponentName Value="FormEntregarPedidos"/>
        <HasResources Value="True"/>
        <ResourceBaseClass Value="Form"/>
      </Unit22>
      <Unit23>
        <Filename Value="Classes\classe.pedido.entrega.pas"/>
        <IsPartOfProject Value="True"/>
      </Unit23>
      <Unit24>
        <Filename Value="View\view.sobre.pas"/>
        <IsPartOfProject Value="True"/>
        <ComponentName Value="FormSobre"/>
        <HasResources Value="True"/>
        <ResourceBaseClass Value="Form"/>
      </Unit24>
      <Unit25>
        <Filename Value="Relatorios\view.rel.pedido.pas"/>
        <IsPartOfProject Value="True"/>
        <ComponentName Value="FormRelPedido"/>
        <HasResources Value="True"/>
        <ResourceBaseClass Value="Form"/>
      </Unit25>
    </Units>
  </ProjectOptions>
  <CompilerOptions>
    <Version Value="11"/>
    <PathDelim Value="\"/>
    <Target>
      <Filename Value="Compras_ERP"/>
    </Target>
    <SearchPaths>
      <IncludeFiles Value="$(ProjOutDir)"/>
      <OtherUnitFiles Value="View;Data;Classes;Types;Relatorios;View\Login;View\Pesquisa"/>
      <UnitOutputDirectory Value="lib\$(TargetCPU)-$(TargetOS)"/>
    </SearchPaths>
    <Linking>
      <Options>
        <Win32>
          <GraphicApplication Value="True"/>
        </Win32>
      </Options>
    </Linking>
  </CompilerOptions>
  <Debugging>
    <Exceptions Count="3">
      <Item1>
        <Name Value="EAbort"/>
      </Item1>
      <Item2>
        <Name Value="ECodetoolError"/>
      </Item2>
      <Item3>
        <Name Value="EFOpenError"/>
      </Item3>
    </Exceptions>
  </Debugging>
</CONFIG>
